PODS:
  - boost (1.76.0)
  - DoubleConversion (1.1.6)
  - FBLazyVector (1000.0.0)
  - FBReactNativeSpec (1000.0.0):
    - RCT-Folly (= 2021.07.22.00)
    - RCTRequired (= 1000.0.0)
    - RCTTypeSafety (= 1000.0.0)
    - React-Core (= 1000.0.0)
    - React-jsi (= 1000.0.0)
    - ReactCommon/turbomodule/core (= 1000.0.0)
  - fmt (6.2.1)
  - glog (0.3.5)
  - OCMock (3.9.1)
  - RCT-Folly (2021.07.22.00):
    - boost
    - DoubleConversion
    - fmt (~> 6.2.1)
    - glog
    - RCT-Folly/Default (= 2021.07.22.00)
  - RCT-Folly/Default (2021.07.22.00):
    - boost
    - DoubleConversion
    - fmt (~> 6.2.1)
    - glog
  - RCTRequired (1000.0.0)
  - RCTTypeSafety (1000.0.0):
    - FBLazyVector (= 1000.0.0)
    - RCTRequired (= 1000.0.0)
    - React-Core (= 1000.0.0)
  - React (1000.0.0):
    - React-Core (= 1000.0.0)
    - React-Core/DevSupport (= 1000.0.0)
    - React-Core/RCTWebSocket (= 1000.0.0)
    - React-RCTActionSheet (= 1000.0.0)
    - React-RCTAnimation (= 1000.0.0)
    - React-RCTBlob (= 1000.0.0)
    - React-RCTImage (= 1000.0.0)
    - React-RCTLinking (= 1000.0.0)
    - React-RCTNetwork (= 1000.0.0)
    - React-RCTSettings (= 1000.0.0)
    - React-RCTText (= 1000.0.0)
    - React-RCTVibration (= 1000.0.0)
  - React-callinvoker (1000.0.0)
  - React-Codegen (1000.0.0):
    - DoubleConversion
    - FBReactNativeSpec
    - glog
    - RCT-Folly
    - RCTRequired
    - RCTTypeSafety
    - React-Core
    - React-jsc
    - React-jsi
    - React-jsiexecutor
    - React-NativeModulesApple
    - React-rncore
    - ReactCommon/turbomodule/bridging
    - ReactCommon/turbomodule/core
  - React-Core (1000.0.0):
    - glog
    - RCT-Folly (= 2021.07.22.00)
    - React-Core/Default (= 1000.0.0)
    - React-cxxreact
    - React-jsc
    - React-jsi
    - React-jsiexecutor
    - React-perflogger
    - React-runtimeexecutor
    - React-utils
    - SocketRocket (= 0.7.0)
    - Yoga
  - React-Core/CoreModulesHeaders (1000.0.0):
    - glog
    - RCT-Folly (= 2021.07.22.00)
    - React-Core/Default
    - React-cxxreact
    - React-jsc
    - React-jsi
    - React-jsiexecutor
    - React-perflogger
    - React-runtimeexecutor
    - React-utils
    - SocketRocket (= 0.7.0)
    - Yoga
  - React-Core/Default (1000.0.0):
    - glog
    - RCT-Folly (= 2021.07.22.00)
    - React-cxxreact
    - React-jsc
    - React-jsi
    - React-jsiexecutor
    - React-perflogger
    - React-runtimeexecutor
    - React-utils
    - SocketRocket (= 0.7.0)
    - Yoga
  - React-Core/DevSupport (1000.0.0):
    - glog
    - RCT-Folly (= 2021.07.22.00)
    - React-Core/Default (= 1000.0.0)
    - React-Core/RCTWebSocket (= 1000.0.0)
    - React-cxxreact
    - React-jsc
    - React-jsi
    - React-jsiexecutor
    - React-jsinspector (= 1000.0.0)
    - React-perflogger
    - React-runtimeexecutor
    - React-utils
    - SocketRocket (= 0.7.0)
    - Yoga
  - React-Core/RCTActionSheetHeaders (1000.0.0):
    - glog
    - RCT-Folly (= 2021.07.22.00)
    - React-Core/Default
    - React-cxxreact
    - React-jsc
    - React-jsi
    - React-jsiexecutor
    - React-perflogger
    - React-runtimeexecutor
    - React-utils
    - SocketRocket (= 0.7.0)
    - Yoga
  - React-Core/RCTAnimationHeaders (1000.0.0):
    - glog
    - RCT-Folly (= 2021.07.22.00)
    - React-Core/Default
    - React-cxxreact
    - React-jsc
    - React-jsi
    - React-jsiexecutor
    - React-perflogger
    - React-runtimeexecutor
    - React-utils
    - SocketRocket (= 0.7.0)
    - Yoga
  - React-Core/RCTBlobHeaders (1000.0.0):
    - glog
    - RCT-Folly (= 2021.07.22.00)
    - React-Core/Default
    - React-cxxreact
    - React-jsc
    - React-jsi
    - React-jsiexecutor
    - React-perflogger
    - React-runtimeexecutor
    - React-utils
    - SocketRocket (= 0.7.0)
    - Yoga
  - React-Core/RCTImageHeaders (1000.0.0):
    - glog
    - RCT-Folly (= 2021.07.22.00)
    - React-Core/Default
    - React-cxxreact
    - React-jsc
    - React-jsi
    - React-jsiexecutor
    - React-perflogger
    - React-runtimeexecutor
    - React-utils
    - SocketRocket (= 0.7.0)
    - Yoga
  - React-Core/RCTLinkingHeaders (1000.0.0):
    - glog
    - RCT-Folly (= 2021.07.22.00)
    - React-Core/Default
    - React-cxxreact
    - React-jsc
    - React-jsi
    - React-jsiexecutor
    - React-perflogger
    - React-runtimeexecutor
    - React-utils
    - SocketRocket (= 0.7.0)
    - Yoga
  - React-Core/RCTNetworkHeaders (1000.0.0):
    - glog
    - RCT-Folly (= 2021.07.22.00)
    - React-Core/Default
    - React-cxxreact
    - React-jsc
    - React-jsi
    - React-jsiexecutor
    - React-perflogger
    - React-runtimeexecutor
    - React-utils
    - SocketRocket (= 0.7.0)
    - Yoga
  - React-Core/RCTPushNotificationHeaders (1000.0.0):
    - glog
    - RCT-Folly (= 2021.07.22.00)
    - React-Core/Default
    - React-cxxreact
    - React-jsc
    - React-jsi
    - React-jsiexecutor
    - React-perflogger
    - React-runtimeexecutor
    - React-utils
    - SocketRocket (= 0.7.0)
    - Yoga
  - React-Core/RCTSettingsHeaders (1000.0.0):
    - glog
    - RCT-Folly (= 2021.07.22.00)
    - React-Core/Default
    - React-cxxreact
    - React-jsc
    - React-jsi
    - React-jsiexecutor
    - React-perflogger
    - React-runtimeexecutor
    - React-utils
    - SocketRocket (= 0.7.0)
    - Yoga
  - React-Core/RCTTextHeaders (1000.0.0):
    - glog
    - RCT-Folly (= 2021.07.22.00)
    - React-Core/Default
    - React-cxxreact
    - React-jsc
    - React-jsi
    - React-jsiexecutor
    - React-perflogger
    - React-runtimeexecutor
    - React-utils
    - SocketRocket (= 0.7.0)
    - Yoga
  - React-Core/RCTVibrationHeaders (1000.0.0):
    - glog
    - RCT-Folly (= 2021.07.22.00)
    - React-Core/Default
    - React-cxxreact
    - React-jsc
    - React-jsi
    - React-jsiexecutor
    - React-perflogger
    - React-runtimeexecutor
    - React-utils
    - SocketRocket (= 0.7.0)
    - Yoga
  - React-Core/RCTWebSocket (1000.0.0):
    - glog
    - RCT-Folly (= 2021.07.22.00)
    - React-Core/Default (= 1000.0.0)
    - React-cxxreact
    - React-jsc
    - React-jsi
    - React-jsiexecutor
    - React-perflogger
    - React-runtimeexecutor
    - React-utils
    - SocketRocket (= 0.7.0)
    - Yoga
  - React-CoreModules (1000.0.0):
    - RCT-Folly (= 2021.07.22.00)
    - RCTTypeSafety (= 1000.0.0)
    - React-Codegen (= 1000.0.0)
    - React-Core/CoreModulesHeaders (= 1000.0.0)
    - React-jsi (= 1000.0.0)
    - React-RCTBlob
    - React-RCTImage (= 1000.0.0)
    - ReactCommon/turbomodule/core (= 1000.0.0)
    - SocketRocket (= 0.7.0)
  - React-cxxreact (1000.0.0):
    - boost (= 1.76.0)
    - DoubleConversion
    - glog
    - RCT-Folly (= 2021.07.22.00)
    - React-callinvoker (= 1000.0.0)
    - React-debug (= 1000.0.0)
    - React-jsi (= 1000.0.0)
    - React-jsinspector (= 1000.0.0)
    - React-logger (= 1000.0.0)
    - React-perflogger (= 1000.0.0)
    - React-runtimeexecutor (= 1000.0.0)
  - React-debug (1000.0.0)
  - React-jsc (1000.0.0):
    - React-jsc/Fabric (= 1000.0.0)
    - React-jsi (= 1000.0.0)
  - React-jsc/Fabric (1000.0.0):
    - React-jsi (= 1000.0.0)
  - React-jsi (1000.0.0):
    - boost (= 1.76.0)
    - DoubleConversion
    - glog
    - RCT-Folly (= 2021.07.22.00)
  - React-jsiexecutor (1000.0.0):
    - DoubleConversion
    - glog
    - RCT-Folly (= 2021.07.22.00)
    - React-cxxreact (= 1000.0.0)
    - React-jsi (= 1000.0.0)
    - React-perflogger (= 1000.0.0)
  - React-jsinspector (1000.0.0)
  - React-logger (1000.0.0):
    - glog
  - React-NativeModulesApple (1000.0.0):
    - React-callinvoker
    - React-Core
    - React-cxxreact
    - React-jsi
    - React-runtimeexecutor
    - ReactCommon/turbomodule/bridging
    - ReactCommon/turbomodule/core
  - React-perflogger (1000.0.0)
  - React-RCTActionSheet (1000.0.0):
    - React-Core/RCTActionSheetHeaders (= 1000.0.0)
  - React-RCTAnimation (1000.0.0):
    - RCT-Folly (= 2021.07.22.00)
    - RCTTypeSafety (= 1000.0.0)
    - React-Codegen (= 1000.0.0)
    - React-Core/RCTAnimationHeaders (= 1000.0.0)
    - React-jsi (= 1000.0.0)
    - ReactCommon/turbomodule/core (= 1000.0.0)
  - React-RCTAppDelegate (1000.0.0):
    - RCT-Folly
    - RCTRequired
    - RCTTypeSafety
    - React-Core
    - React-CoreModules
    - React-jsc
    - React-NativeModulesApple
    - React-RCTImage
    - React-RCTNetwork
    - React-runtimescheduler
    - ReactCommon/turbomodule/core
  - React-RCTBlob (1000.0.0):
    - RCT-Folly (= 2021.07.22.00)
    - React-Codegen (= 1000.0.0)
    - React-Core/RCTBlobHeaders (= 1000.0.0)
    - React-Core/RCTWebSocket (= 1000.0.0)
    - React-jsi (= 1000.0.0)
    - React-RCTNetwork (= 1000.0.0)
    - ReactCommon/turbomodule/core (= 1000.0.0)
  - React-RCTImage (1000.0.0):
    - RCT-Folly (= 2021.07.22.00)
    - RCTTypeSafety (= 1000.0.0)
    - React-Codegen (= 1000.0.0)
    - React-Core/RCTImageHeaders (= 1000.0.0)
    - React-jsi (= 1000.0.0)
    - React-RCTNetwork (= 1000.0.0)
    - ReactCommon/turbomodule/core (= 1000.0.0)
  - React-RCTLinking (1000.0.0):
    - React-Codegen (= 1000.0.0)
    - React-Core/RCTLinkingHeaders (= 1000.0.0)
    - React-jsi (= 1000.0.0)
    - ReactCommon/turbomodule/core (= 1000.0.0)
  - React-RCTNetwork (1000.0.0):
    - RCT-Folly (= 2021.07.22.00)
    - RCTTypeSafety (= 1000.0.0)
    - React-Codegen (= 1000.0.0)
    - React-Core/RCTNetworkHeaders (= 1000.0.0)
    - React-jsi (= 1000.0.0)
    - ReactCommon/turbomodule/core (= 1000.0.0)
  - React-RCTPushNotification (1000.0.0):
    - RCTTypeSafety (= 1000.0.0)
    - React-Codegen (= 1000.0.0)
    - React-Core/RCTPushNotificationHeaders (= 1000.0.0)
    - React-jsi (= 1000.0.0)
    - ReactCommon/turbomodule/core (= 1000.0.0)
  - React-RCTSettings (1000.0.0):
    - RCT-Folly (= 2021.07.22.00)
    - RCTTypeSafety (= 1000.0.0)
    - React-Codegen (= 1000.0.0)
    - React-Core/RCTSettingsHeaders (= 1000.0.0)
    - React-jsi (= 1000.0.0)
    - ReactCommon/turbomodule/core (= 1000.0.0)
  - React-RCTTest (1000.0.0):
    - RCT-Folly (= 2021.07.22.00)
    - React-Core (= 1000.0.0)
    - React-CoreModules (= 1000.0.0)
    - React-jsi (= 1000.0.0)
    - ReactCommon/turbomodule/core (= 1000.0.0)
  - React-RCTText (1000.0.0):
    - React-Core/RCTTextHeaders (= 1000.0.0)
  - React-RCTVibration (1000.0.0):
    - RCT-Folly (= 2021.07.22.00)
    - React-Codegen (= 1000.0.0)
    - React-Core/RCTVibrationHeaders (= 1000.0.0)
    - React-jsi (= 1000.0.0)
    - ReactCommon/turbomodule/core (= 1000.0.0)
  - React-rncore (1000.0.0)
  - React-runtimeexecutor (1000.0.0):
    - React-jsi (= 1000.0.0)
  - React-runtimescheduler (1000.0.0):
    - glog
    - RCT-Folly (= 2021.07.22.00)
    - React-callinvoker
    - React-debug
    - React-jsi
    - React-runtimeexecutor
  - React-utils (1000.0.0):
    - glog
    - RCT-Folly (= 2021.07.22.00)
    - React-debug
  - ReactCommon-Samples (1000.0.0):
    - DoubleConversion
    - RCT-Folly
    - React-Codegen
    - React-Core
    - React-cxxreact
    - React-NativeModulesApple
    - ReactCommon/turbomodule/core
  - ReactCommon/turbomodule/bridging (1000.0.0):
    - DoubleConversion
    - glog
    - RCT-Folly (= 2021.07.22.00)
    - React-callinvoker (= 1000.0.0)
    - React-cxxreact (= 1000.0.0)
    - React-jsi (= 1000.0.0)
    - React-logger (= 1000.0.0)
    - React-perflogger (= 1000.0.0)
  - ReactCommon/turbomodule/core (1000.0.0):
    - DoubleConversion
    - glog
    - RCT-Folly (= 2021.07.22.00)
    - React-callinvoker (= 1000.0.0)
    - React-cxxreact (= 1000.0.0)
    - React-jsi (= 1000.0.0)
    - React-logger (= 1000.0.0)
    - React-perflogger (= 1000.0.0)
  - ScreenshotManager (0.0.1):
    - RCT-Folly (= 2021.07.22.00)
    - React-Core
  - SocketRocket (0.7.0)
  - Yoga (1.14.0)

DEPENDENCIES:
  - boost (from `../react-native/third-party-podspecs/boost.podspec`)
  - DoubleConversion (from `../react-native/third-party-podspecs/DoubleConversion.podspec`)
  - FBLazyVector (from `../react-native/Libraries/FBLazyVector`)
  - FBReactNativeSpec (from `../react-native/React/FBReactNativeSpec`)
  - glog (from `../react-native/third-party-podspecs/glog.podspec`)
  - OCMock (~> 3.9.1)
  - RCT-Folly (from `../react-native/third-party-podspecs/RCT-Folly.podspec`)
  - RCTRequired (from `../react-native/Libraries/RCTRequired`)
  - RCTTypeSafety (from `../react-native/Libraries/TypeSafety`)
  - React (from `../react-native/`)
  - React-callinvoker (from `../react-native/ReactCommon/callinvoker`)
  - React-Codegen (from `build/generated/ios`)
  - React-Core (from `../react-native/`)
  - React-Core/RCTWebSocket (from `../react-native/`)
  - React-CoreModules (from `../react-native/React/CoreModules`)
  - React-cxxreact (from `../react-native/ReactCommon/cxxreact`)
  - React-debug (from `../react-native/ReactCommon/react/debug`)
  - React-jsc (from `../react-native/ReactCommon/jsc`)
  - React-jsi (from `../react-native/ReactCommon/jsi`)
  - React-jsiexecutor (from `../react-native/ReactCommon/jsiexecutor`)
  - React-jsinspector (from `../react-native/ReactCommon/jsinspector`)
  - React-logger (from `../react-native/ReactCommon/logger`)
  - React-NativeModulesApple (from `../react-native/ReactCommon/react/nativemodule/core/platform/ios`)
  - React-perflogger (from `../react-native/ReactCommon/reactperflogger`)
  - React-RCTActionSheet (from `../react-native/Libraries/ActionSheetIOS`)
  - React-RCTAnimation (from `../react-native/Libraries/NativeAnimation`)
  - React-RCTAppDelegate (from `../react-native/Libraries/AppDelegate`)
  - React-RCTBlob (from `../react-native/Libraries/Blob`)
  - React-RCTImage (from `../react-native/Libraries/Image`)
  - React-RCTLinking (from `../react-native/Libraries/LinkingIOS`)
  - React-RCTNetwork (from `../react-native/Libraries/Network`)
  - React-RCTPushNotification (from `../react-native/Libraries/PushNotificationIOS`)
  - React-RCTSettings (from `../react-native/Libraries/Settings`)
  - React-RCTTest (from `./RCTTest`)
  - React-RCTText (from `../react-native/Libraries/Text`)
  - React-RCTVibration (from `../react-native/Libraries/Vibration`)
  - React-rncore (from `../react-native/ReactCommon`)
  - React-runtimeexecutor (from `../react-native/ReactCommon/runtimeexecutor`)
  - React-runtimescheduler (from `../react-native/ReactCommon/react/renderer/runtimescheduler`)
  - React-utils (from `../react-native/ReactCommon/react/utils`)
  - ReactCommon-Samples (from `../react-native/ReactCommon/react/nativemodule/samples`)
  - ReactCommon/turbomodule/core (from `../react-native/ReactCommon`)
  - ScreenshotManager (from `NativeModuleExample`)
  - Yoga (from `../react-native/ReactCommon/yoga`)

SPEC REPOS:
  trunk:
    - fmt
    - OCMock
    - SocketRocket

EXTERNAL SOURCES:
  boost:
    :podspec: "../react-native/third-party-podspecs/boost.podspec"
  DoubleConversion:
    :podspec: "../react-native/third-party-podspecs/DoubleConversion.podspec"
  FBLazyVector:
    :path: "../react-native/Libraries/FBLazyVector"
  FBReactNativeSpec:
    :path: "../react-native/React/FBReactNativeSpec"
  glog:
    :podspec: "../react-native/third-party-podspecs/glog.podspec"
  RCT-Folly:
    :podspec: "../react-native/third-party-podspecs/RCT-Folly.podspec"
  RCTRequired:
    :path: "../react-native/Libraries/RCTRequired"
  RCTTypeSafety:
    :path: "../react-native/Libraries/TypeSafety"
  React:
    :path: "../react-native/"
  React-callinvoker:
    :path: "../react-native/ReactCommon/callinvoker"
  React-Codegen:
    :path: build/generated/ios
  React-Core:
    :path: "../react-native/"
  React-CoreModules:
    :path: "../react-native/React/CoreModules"
  React-cxxreact:
    :path: "../react-native/ReactCommon/cxxreact"
  React-debug:
    :path: "../react-native/ReactCommon/react/debug"
  React-jsc:
    :path: "../react-native/ReactCommon/jsc"
  React-jsi:
    :path: "../react-native/ReactCommon/jsi"
  React-jsiexecutor:
    :path: "../react-native/ReactCommon/jsiexecutor"
  React-jsinspector:
    :path: "../react-native/ReactCommon/jsinspector"
  React-logger:
    :path: "../react-native/ReactCommon/logger"
  React-NativeModulesApple:
    :path: "../react-native/ReactCommon/react/nativemodule/core/platform/ios"
  React-perflogger:
    :path: "../react-native/ReactCommon/reactperflogger"
  React-RCTActionSheet:
    :path: "../react-native/Libraries/ActionSheetIOS"
  React-RCTAnimation:
    :path: "../react-native/Libraries/NativeAnimation"
  React-RCTAppDelegate:
    :path: "../react-native/Libraries/AppDelegate"
  React-RCTBlob:
    :path: "../react-native/Libraries/Blob"
  React-RCTImage:
    :path: "../react-native/Libraries/Image"
  React-RCTLinking:
    :path: "../react-native/Libraries/LinkingIOS"
  React-RCTNetwork:
    :path: "../react-native/Libraries/Network"
  React-RCTPushNotification:
    :path: "../react-native/Libraries/PushNotificationIOS"
  React-RCTSettings:
    :path: "../react-native/Libraries/Settings"
  React-RCTTest:
    :path: "./RCTTest"
  React-RCTText:
    :path: "../react-native/Libraries/Text"
  React-RCTVibration:
    :path: "../react-native/Libraries/Vibration"
  React-rncore:
    :path: "../react-native/ReactCommon"
  React-runtimeexecutor:
    :path: "../react-native/ReactCommon/runtimeexecutor"
  React-runtimescheduler:
    :path: "../react-native/ReactCommon/react/renderer/runtimescheduler"
  React-utils:
    :path: "../react-native/ReactCommon/react/utils"
  ReactCommon:
    :path: "../react-native/ReactCommon"
  ReactCommon-Samples:
    :path: "../react-native/ReactCommon/react/nativemodule/samples"
  ScreenshotManager:
    :path: NativeModuleExample
  Yoga:
    :path: "../react-native/ReactCommon/yoga"

SPEC CHECKSUMS:
  boost: 8fa3cd00fa17ef6c3221e5fd283fa93e81d23017
  DoubleConversion: acaf5db79676d2e9119015819153f0f99191de12
  FBLazyVector: 014436ff240b3b22224f5be071c044289f7c95b0
  FBReactNativeSpec: ddae4da048c9609d646dea7a5e6d2af74da9c4aa
  fmt: ff9d55029c625d3757ed641535fd4a75fedc7ce9
  glog: 6df0a3d6e2750a50609471fd1a01fd2948d405b5
  OCMock: 9491e4bec59e0b267d52a9184ff5605995e74be8
  RCT-Folly: bf7b4921a91932051ebf1c5c2d297154b1fa3c8c
  RCTRequired: 79ef98c177a6f47a0afcf598c7306d2b0d0dcbcc
  RCTTypeSafety: 618be4ab319d2d73844d3a8a7af510b9ef49e8d2
  React: f27c3e5fa88fcca91c53b2fb638ba5d100873639
  React-callinvoker: 21956f5f971d07493d6860b133f51aba85e1e64e
  React-Codegen: b9cfc55469157141126569407960fe3c7a5dbf3f
  React-Core: 2680c34f6c3a505a7f1627dd2bceb78bef67e077
  React-CoreModules: 02b224b3755ef4779e34f935f9244b4d45331260
  React-cxxreact: e3e8c909eadb4fb9b98012a585c5405c3ade1f3b
  React-debug: b036250d298d781558d2997779171f5119dc5ab6
  React-jsc: 9dc88b5c8afe1169900dbe6a9bd2480c4c331321
  React-jsi: 424a3d20545ec24f19e5935aa6af93896914b591
  React-jsiexecutor: d88d0a6dfbd08e486f4e0eb3702538ddf9c5d2c0
  React-jsinspector: 7e3c620544b290a347b71292c28ee394c7961bb3
  React-logger: 1f781e350fb9bd83aeef2f9ae3d6f83513f376e1
  React-NativeModulesApple: c50581a83ace582594a710b864c773f5eb25f068
  React-perflogger: 93c7c958efc27a228391de975c44b88247197835
  React-RCTActionSheet: 87df9c7265698ad630ebc9fd0e3bed25b04852e3
  React-RCTAnimation: a63d3bca703580a2ea7af54625d1c3656272488d
  React-RCTAppDelegate: b3fb7ed2505e7dfd5c5852d5aa1b6850b7a087eb
  React-RCTBlob: 69c750000d3a91eb89fe8de593d630a49f5e5ffb
  React-RCTImage: e94128d7cd1096bc27ef6fa60a449fecd894f90b
  React-RCTLinking: 0a285f63430e9ba105512918226d6462cfd9b2b3
  React-RCTNetwork: 925ee1f955f1003a77cfb562cecb5b6176ba8b8d
  React-RCTPushNotification: f30559e3ac3655b06f536d72a2a026705be93ea0
  React-RCTSettings: f2356e33f3a2215247d311f33906e29a2cf3cbe8
  React-RCTTest: 05f4e65ec1a01e23f50c2b85558f12ca26957c4c
  React-RCTText: 21a6b298d60d0bbebf6642c718f2672c562b1be8
  React-RCTVibration: 60c42b74660cf6d53344b5aae07b2256412b3fee
  React-rncore: 36459c580674342c7e11dda3627b89910dbea35f
  React-runtimeexecutor: 81c3d13f7c4a7fcf9a82253a23c6a4e9d03ff555
  React-runtimescheduler: 7d704c183fd82725b8b59557b9e29259513118af
  React-utils: f45d60f485598b8e03588be2fdbd2afa7df68894
  ReactCommon: 4054431e1bb2224495d1103960e23417e952603d
  ReactCommon-Samples: 85617f08df035daff24b8698d46482eb2c0606bc
  ScreenshotManager: 84f13d11f296b960bbafd9897ba52588a42dd5ca
  SocketRocket: abac6f5de4d4d62d24e11868d7a2f427e0ef940d
  Yoga: 18d1c1dd689d806479c307e3084942a8be78850c

PODFILE CHECKSUM: 23258155130fc3ae417bc5bb12e76438f3b9a394

COCOAPODS: 1.12.1
