PODS:
  - boost (1.76.0)
  - boost-for-react-native (1.63.0)
  - CocoaAsyncSocket (7.6.5)
  - DoubleConversion (1.1.6)
  - FBLazyVector (0.66.66)
  - FBReactNativeSpec (0.66.66):
    - RCT-Folly (= 2021.06.28.00-v2)
    - RCTRequired (= 0.66.66)
    - RCTTypeSafety (= 0.66.66)
    - React-Core (= 0.66.66)
    - React-jsi (= 0.66.66)
    - ReactCommon/turbomodule/core (= 0.66.66)
  - Flipper (0.99.0):
    - Flipper-Folly (~> 2.6)
    - Flipper-RSocket (~> 1.4)
  - Flipper-Boost-iOSX (1.76.0.1.11)
  - Flipper-DoubleConversion (3.1.7)
  - Flipper-Fmt (7.1.7)
  - Flipper-Folly (2.6.7):
    - Flipper-Boost-iOSX
    - Flipper-DoubleConversion
    - Flipper-Fmt (= 7.1.7)
    - Flipper-Glog
    - libevent (~> 2.1.12)
    - OpenSSL-Universal (= 1.1.180)
  - Flipper-Glog (0.3.6)
  - Flipper-PeerTalk (0.0.4)
  - Flipper-RSocket (1.4.3):
    - Flipper-Folly (~> 2.6)
  - FlipperKit (0.99.0):
    - FlipperKit/Core (= 0.99.0)
  - FlipperKit/Core (0.99.0):
    - Flipper (~> 0.99.0)
    - FlipperKit/CppBridge
    - FlipperKit/FBCxxFollyDynamicConvert
    - FlipperKit/FBDefines
    - FlipperKit/FKPortForwarding
  - FlipperKit/CppBridge (0.99.0):
    - Flipper (~> 0.99.0)
  - FlipperKit/FBCxxFollyDynamicConvert (0.99.0):
    - Flipper-Folly (~> 2.6)
  - FlipperKit/FBDefines (0.99.0)
  - FlipperKit/FKPortForwarding (0.99.0):
    - CocoaAsyncSocket (~> 7.6)
    - Flipper-PeerTalk (~> 0.0.4)
  - FlipperKit/FlipperKitHighlightOverlay (0.99.0)
  - FlipperKit/FlipperKitLayoutHelpers (0.99.0):
    - FlipperKit/Core
    - FlipperKit/FlipperKitHighlightOverlay
    - FlipperKit/FlipperKitLayoutTextSearchable
  - FlipperKit/FlipperKitLayoutIOSDescriptors (0.99.0):
    - FlipperKit/Core
    - FlipperKit/FlipperKitHighlightOverlay
    - FlipperKit/FlipperKitLayoutHelpers
    - YogaKit (~> 1.18)
  - FlipperKit/FlipperKitLayoutPlugin (0.99.0):
    - FlipperKit/Core
    - FlipperKit/FlipperKitHighlightOverlay
    - FlipperKit/FlipperKitLayoutHelpers
    - FlipperKit/FlipperKitLayoutIOSDescriptors
    - FlipperKit/FlipperKitLayoutTextSearchable
    - YogaKit (~> 1.18)
  - FlipperKit/FlipperKitLayoutTextSearchable (0.99.0)
  - FlipperKit/FlipperKitNetworkPlugin (0.99.0):
    - FlipperKit/Core
  - FlipperKit/FlipperKitReactPlugin (0.99.0):
    - FlipperKit/Core
  - FlipperKit/FlipperKitUserDefaultsPlugin (0.99.0):
    - FlipperKit/Core
  - FlipperKit/SKIOSNetworkPlugin (0.99.0):
    - FlipperKit/Core
    - FlipperKit/FlipperKitNetworkPlugin
  - fmt (6.2.1)
  - glog (0.3.5)
  - libevent (2.1.12)
  - OpenSSL-Universal (1.1.180)
  - RCT-Folly (2021.06.28.00-v2):
    - boost
    - DoubleConversion
    - fmt (~> 6.2.1)
    - glog
    - RCT-Folly/Default (= 2021.06.28.00-v2)
  - RCT-Folly/Default (2021.06.28.00-v2):
    - boost
    - DoubleConversion
    - fmt (~> 6.2.1)
    - glog
  - RCTRequired (0.66.66)
  - RCTTypeSafety (0.66.66):
    - FBLazyVector (= 0.66.66)
    - RCT-Folly (= 2021.06.28.00-v2)
    - RCTRequired (= 0.66.66)
    - React-Core (= 0.66.66)
  - React (0.66.66):
    - React-Core (= 0.66.66)
    - React-Core/DevSupport (= 0.66.66)
    - React-Core/RCTWebSocket (= 0.66.66)
    - React-RCTActionSheet (= 0.66.66)
    - React-RCTAnimation (= 0.66.66)
    - React-RCTBlob (= 0.66.66)
    - React-RCTImage (= 0.66.66)
    - React-RCTLinking (= 0.66.66)
    - React-RCTNetwork (= 0.66.66)
    - React-RCTSettings (= 0.66.66)
    - React-RCTText (= 0.66.66)
    - React-RCTVibration (= 0.66.66)
  - React-callinvoker (0.66.66)
  - React-Core (0.66.66):
    - glog
    - RCT-Folly (= 2021.06.28.00-v2)
    - React-Core/Default (= 0.66.66)
    - React-cxxreact (= 0.66.66)
    - React-jsi (= 0.66.66)
    - React-jsiexecutor (= 0.66.66)
    - React-perflogger (= 0.66.66)
    - Yoga
  - React-Core/CoreModulesHeaders (0.66.66):
    - glog
    - RCT-Folly (= 2021.06.28.00-v2)
    - React-Core/Default
    - React-cxxreact (= 0.66.66)
    - React-jsi (= 0.66.66)
    - React-jsiexecutor (= 0.66.66)
    - React-perflogger (= 0.66.66)
    - Yoga
  - React-Core/Default (0.66.66):
    - glog
    - RCT-Folly (= 2021.06.28.00-v2)
    - React-cxxreact (= 0.66.66)
    - React-jsi (= 0.66.66)
    - React-jsiexecutor (= 0.66.66)
    - React-perflogger (= 0.66.66)
    - Yoga
  - React-Core/DevSupport (0.66.66):
    - glog
    - RCT-Folly (= 2021.06.28.00-v2)
    - React-Core/Default (= 0.66.66)
    - React-Core/RCTWebSocket (= 0.66.66)
    - React-cxxreact (= 0.66.66)
    - React-jsi (= 0.66.66)
    - React-jsiexecutor (= 0.66.66)
    - React-jsinspector (= 0.66.66)
    - React-perflogger (= 0.66.66)
    - Yoga
  - React-Core/RCTActionSheetHeaders (0.66.66):
    - glog
    - RCT-Folly (= 2021.06.28.00-v2)
    - React-Core/Default
    - React-cxxreact (= 0.66.66)
    - React-jsi (= 0.66.66)
    - React-jsiexecutor (= 0.66.66)
    - React-perflogger (= 0.66.66)
    - Yoga
  - React-Core/RCTAnimationHeaders (0.66.66):
    - glog
    - RCT-Folly (= 2021.06.28.00-v2)
    - React-Core/Default
    - React-cxxreact (= 0.66.66)
    - React-jsi (= 0.66.66)
    - React-jsiexecutor (= 0.66.66)
    - React-perflogger (= 0.66.66)
    - Yoga
  - React-Core/RCTBlobHeaders (0.66.66):
    - glog
    - RCT-Folly (= 2021.06.28.00-v2)
    - React-Core/Default
    - React-cxxreact (= 0.66.66)
    - React-jsi (= 0.66.66)
    - React-jsiexecutor (= 0.66.66)
    - React-perflogger (= 0.66.66)
    - Yoga
  - React-Core/RCTImageHeaders (0.66.66):
    - glog
    - RCT-Folly (= 2021.06.28.00-v2)
    - React-Core/Default
    - React-cxxreact (= 0.66.66)
    - React-jsi (= 0.66.66)
    - React-jsiexecutor (= 0.66.66)
    - React-perflogger (= 0.66.66)
    - Yoga
  - React-Core/RCTLinkingHeaders (0.66.66):
    - glog
    - RCT-Folly (= 2021.06.28.00-v2)
    - React-Core/Default
    - React-cxxreact (= 0.66.66)
    - React-jsi (= 0.66.66)
    - React-jsiexecutor (= 0.66.66)
    - React-perflogger (= 0.66.66)
    - Yoga
  - React-Core/RCTNetworkHeaders (0.66.66):
    - glog
    - RCT-Folly (= 2021.06.28.00-v2)
    - React-Core/Default
    - React-cxxreact (= 0.66.66)
    - React-jsi (= 0.66.66)
    - React-jsiexecutor (= 0.66.66)
    - React-perflogger (= 0.66.66)
    - Yoga
  - React-Core/RCTPushNotificationHeaders (0.66.66):
    - glog
    - RCT-Folly (= 2021.06.28.00-v2)
    - React-Core/Default
    - React-cxxreact (= 0.66.66)
    - React-jsi (= 0.66.66)
    - React-jsiexecutor (= 0.66.66)
    - React-perflogger (= 0.66.66)
    - Yoga
  - React-Core/RCTSettingsHeaders (0.66.66):
    - glog
    - RCT-Folly (= 2021.06.28.00-v2)
    - React-Core/Default
    - React-cxxreact (= 0.66.66)
    - React-jsi (= 0.66.66)
    - React-jsiexecutor (= 0.66.66)
    - React-perflogger (= 0.66.66)
    - Yoga
  - React-Core/RCTTextHeaders (0.66.66):
    - glog
    - RCT-Folly (= 2021.06.28.00-v2)
    - React-Core/Default
    - React-cxxreact (= 0.66.66)
    - React-jsi (= 0.66.66)
    - React-jsiexecutor (= 0.66.66)
    - React-perflogger (= 0.66.66)
    - Yoga
  - React-Core/RCTVibrationHeaders (0.66.66):
    - glog
    - RCT-Folly (= 2021.06.28.00-v2)
    - React-Core/Default
    - React-cxxreact (= 0.66.66)
    - React-jsi (= 0.66.66)
    - React-jsiexecutor (= 0.66.66)
    - React-perflogger (= 0.66.66)
    - Yoga
  - React-Core/RCTWebSocket (0.66.66):
    - glog
    - RCT-Folly (= 2021.06.28.00-v2)
    - React-Core/Default (= 0.66.66)
    - React-cxxreact (= 0.66.66)
    - React-jsi (= 0.66.66)
    - React-jsiexecutor (= 0.66.66)
    - React-perflogger (= 0.66.66)
    - Yoga
  - React-CoreModules (0.66.66):
    - FBReactNativeSpec (= 0.66.66)
    - RCT-Folly (= 2021.06.28.00-v2)
    - RCTTypeSafety (= 0.66.66)
    - React-Core/CoreModulesHeaders (= 0.66.66)
    - React-jsi (= 0.66.66)
    - React-RCTImage (= 0.66.66)
    - ReactCommon/turbomodule/core (= 0.66.66)
  - React-cxxreact (0.66.66):
    - boost (= 1.76.0)
    - DoubleConversion
    - glog
    - RCT-Folly (= 2021.06.28.00-v2)
    - React-callinvoker (= 0.66.66)
    - React-jsi (= 0.66.66)
    - React-jsinspector (= 0.66.66)
    - React-logger (= 0.66.66)
    - React-perflogger (= 0.66.66)
    - React-runtimeexecutor (= 0.66.66)
  - React-jsi (0.66.66):
    - boost (= 1.76.0)
    - DoubleConversion
    - glog
    - RCT-Folly (= 2021.06.28.00-v2)
    - React-jsi/Default (= 0.66.66)
  - React-jsi/Default (0.66.66):
    - boost (= 1.76.0)
    - DoubleConversion
    - glog
    - RCT-Folly (= 2021.06.28.00-v2)
  - React-jsiexecutor (0.66.66):
    - DoubleConversion
    - glog
    - RCT-Folly (= 2021.06.28.00-v2)
    - React-cxxreact (= 0.66.66)
    - React-jsi (= 0.66.66)
    - React-perflogger (= 0.66.66)
  - React-jsinspector (0.66.66)
  - React-logger (0.66.66):
    - glog
  - React-perflogger (0.66.66)
  - React-RCTActionSheet (0.66.66):
    - React-Core/RCTActionSheetHeaders (= 0.66.66)
  - React-RCTAnimation (0.66.66):
    - FBReactNativeSpec (= 0.66.66)
    - RCT-Folly (= 2021.06.28.00-v2)
    - RCTTypeSafety (= 0.66.66)
    - React-Core/RCTAnimationHeaders (= 0.66.66)
    - React-jsi (= 0.66.66)
    - ReactCommon/turbomodule/core (= 0.66.66)
  - React-RCTBlob (0.66.66):
    - FBReactNativeSpec (= 0.66.66)
    - RCT-Folly (= 2021.06.28.00-v2)
    - React-Core/RCTBlobHeaders (= 0.66.66)
    - React-Core/RCTWebSocket (= 0.66.66)
    - React-jsi (= 0.66.66)
    - React-RCTNetwork (= 0.66.66)
    - ReactCommon/turbomodule/core (= 0.66.66)
  - React-RCTImage (0.66.66):
    - FBReactNativeSpec (= 0.66.66)
    - RCT-Folly (= 2021.06.28.00-v2)
    - RCTTypeSafety (= 0.66.66)
    - React-Core/RCTImageHeaders (= 0.66.66)
    - React-jsi (= 0.66.66)
    - React-RCTNetwork (= 0.66.66)
    - ReactCommon/turbomodule/core (= 0.66.66)
  - React-RCTLinking (0.66.66):
    - FBReactNativeSpec (= 0.66.66)
    - React-Core/RCTLinkingHeaders (= 0.66.66)
    - React-jsi (= 0.66.66)
    - ReactCommon/turbomodule/core (= 0.66.66)
  - React-RCTNetwork (0.66.66):
    - FBReactNativeSpec (= 0.66.66)
    - RCT-Folly (= 2021.06.28.00-v2)
    - RCTTypeSafety (= 0.66.66)
    - React-Core/RCTNetworkHeaders (= 0.66.66)
    - React-jsi (= 0.66.66)
    - ReactCommon/turbomodule/core (= 0.66.66)
  - React-RCTPushNotification (0.66.66):
    - FBReactNativeSpec (= 0.66.66)
    - RCTTypeSafety (= 0.66.66)
    - React-Core/RCTPushNotificationHeaders (= 0.66.66)
    - React-jsi (= 0.66.66)
    - ReactCommon/turbomodule/core (= 0.66.66)
  - React-RCTSettings (0.66.66):
    - FBReactNativeSpec (= 0.66.66)
    - RCT-Folly (= 2021.06.28.00-v2)
    - RCTTypeSafety (= 0.66.66)
    - React-Core/RCTSettingsHeaders (= 0.66.66)
    - React-jsi (= 0.66.66)
    - ReactCommon/turbomodule/core (= 0.66.66)
  - React-RCTTest (0.66.66):
    - RCT-Folly (= 2021.06.28.00-v2)
    - React-Core (= 0.66.66)
    - React-CoreModules (= 0.66.66)
    - React-jsi (= 0.66.66)
    - ReactCommon/turbomodule/core (= 0.66.66)
  - React-RCTText (0.66.66):
    - React-Core/RCTTextHeaders (= 0.66.66)
  - React-RCTVibration (0.66.66):
    - FBReactNativeSpec (= 0.66.66)
    - RCT-Folly (= 2021.06.28.00-v2)
    - React-Core/RCTVibrationHeaders (= 0.66.66)
    - React-jsi (= 0.66.66)
    - ReactCommon/turbomodule/core (= 0.66.66)
  - React-runtimeexecutor (0.66.66):
    - React-jsi (= 0.66.66)
  - React-TurboModuleCxx-RNW (0.66.66):
    - RCT-Folly (= 2021.06.28.00-v2)
    - React-callinvoker (= 0.66.66)
    - React-TurboModuleCxx-WinRTPort (= 0.66.66)
    - ReactCommon/turbomodule/core (= 0.66.66)
  - React-TurboModuleCxx-WinRTPort (0.66.66):
    - React-TurboModuleCxx-WinRTPort/Shared (= 0.66.66)
    - React-TurboModuleCxx-WinRTPort/WinRT (= 0.66.66)
  - React-TurboModuleCxx-WinRTPort/Shared (0.66.66)
  - React-TurboModuleCxx-WinRTPort/WinRT (0.66.66):
    - RCT-Folly (= 2021.06.28.00-v2)
    - React-callinvoker (= 0.66.66)
    - React-TurboModuleCxx-WinRTPort/Shared (= 0.66.66)
  - ReactCommon/turbomodule/core (0.66.66):
    - DoubleConversion
    - glog
    - RCT-Folly (= 2021.06.28.00-v2)
    - React-callinvoker (= 0.66.66)
    - React-Core (= 0.66.66)
    - React-cxxreact (= 0.66.66)
    - React-jsi (= 0.66.66)
    - React-logger (= 0.66.66)
    - React-perflogger (= 0.66.66)
  - ReactCommon/turbomodule/samples (0.66.66):
    - DoubleConversion
    - glog
    - RCT-Folly (= 2021.06.28.00-v2)
    - React-callinvoker (= 0.66.66)
    - React-Core (= 0.66.66)
    - React-cxxreact (= 0.66.66)
    - React-jsi (= 0.66.66)
    - React-logger (= 0.66.66)
    - React-perflogger (= 0.66.66)
    - ReactCommon/turbomodule/core (= 0.66.66)
  - Yoga (1.14.0)
  - YogaKit (1.18.1):
    - Yoga (~> 1.14)

DEPENDENCIES:
  - boost (from `../../third-party-podspecs/boost.podspec`)
  - boost-for-react-native (from `../../third-party-podspecs/boost-for-react-native.podspec`)
  - DoubleConversion (from `../../third-party-podspecs/DoubleConversion.podspec`)
  - FBLazyVector (from `../../Libraries/FBLazyVector`)
  - FBReactNativeSpec (from `../../React/FBReactNativeSpec`)
  - Flipper (= 0.99.0)
  - Flipper-Boost-iOSX (= 1.76.0.1.11)
  - Flipper-DoubleConversion (= 3.1.7)
  - Flipper-Fmt (= 7.1.7)
  - Flipper-Folly (= 2.6.7)
  - Flipper-Glog (= 0.3.6)
  - Flipper-PeerTalk (= 0.0.4)
  - Flipper-RSocket (= 1.4.3)
  - FlipperKit (= 0.99.0)
  - FlipperKit/Core (= 0.99.0)
  - FlipperKit/CppBridge (= 0.99.0)
  - FlipperKit/FBCxxFollyDynamicConvert (= 0.99.0)
  - FlipperKit/FBDefines (= 0.99.0)
  - FlipperKit/FKPortForwarding (= 0.99.0)
  - FlipperKit/FlipperKitHighlightOverlay (= 0.99.0)
  - FlipperKit/FlipperKitLayoutPlugin (= 0.99.0)
  - FlipperKit/FlipperKitLayoutTextSearchable (= 0.99.0)
  - FlipperKit/FlipperKitNetworkPlugin (= 0.99.0)
  - FlipperKit/FlipperKitReactPlugin (= 0.99.0)
  - FlipperKit/FlipperKitUserDefaultsPlugin (= 0.99.0)
  - FlipperKit/SKIOSNetworkPlugin (= 0.99.0)
  - glog (from `../../third-party-podspecs/glog.podspec`)
  - RCT-Folly (from `../../third-party-podspecs/RCT-Folly.podspec`)
  - RCTRequired (from `../../Libraries/RCTRequired`)
  - RCTTypeSafety (from `../../Libraries/TypeSafety`)
  - React (from `../../`)
  - React-callinvoker (from `../../ReactCommon/callinvoker`)
  - React-Core (from `../../`)
  - React-Core/DevSupport (from `../../`)
  - React-Core/RCTWebSocket (from `../../`)
  - React-CoreModules (from `../../React/CoreModules`)
  - React-cxxreact (from `../../ReactCommon/cxxreact`)
  - React-jsi (from `../../ReactCommon/jsi`)
  - React-jsiexecutor (from `../../ReactCommon/jsiexecutor`)
  - React-jsinspector (from `../../ReactCommon/jsinspector`)
  - React-logger (from `../../ReactCommon/logger`)
  - React-perflogger (from `../../ReactCommon/reactperflogger`)
  - React-RCTActionSheet (from `../../Libraries/ActionSheetIOS`)
  - React-RCTAnimation (from `../../Libraries/NativeAnimation`)
  - React-RCTBlob (from `../../Libraries/Blob`)
  - React-RCTImage (from `../../Libraries/Image`)
  - React-RCTLinking (from `../../Libraries/LinkingIOS`)
  - React-RCTNetwork (from `../../Libraries/Network`)
  - React-RCTPushNotification (from `../../Libraries/PushNotificationIOS`)
  - React-RCTSettings (from `../../Libraries/Settings`)
  - React-RCTTest (from `./RCTTest`)
  - React-RCTText (from `../../Libraries/Text`)
  - React-RCTVibration (from `../../Libraries/Vibration`)
  - React-runtimeexecutor (from `../../ReactCommon/runtimeexecutor`)
  - React-TurboModuleCxx-RNW (from `../../ReactTurboModuleCxx/React-TurboModuleCxx-RNW.podspec`)
  - React-TurboModuleCxx-WinRTPort (from `../../ReactTurboModuleCxx`)
  - ReactCommon/turbomodule/core (from `../../ReactCommon`)
  - ReactCommon/turbomodule/samples (from `../../ReactCommon`)
  - Yoga (from `../../ReactCommon/yoga`)

SPEC REPOS:
  trunk:
    - CocoaAsyncSocket
    - Flipper
    - Flipper-Boost-iOSX
    - Flipper-DoubleConversion
    - Flipper-Fmt
    - Flipper-Folly
    - Flipper-Glog
    - Flipper-PeerTalk
    - Flipper-RSocket
    - FlipperKit
    - fmt
    - libevent
    - OpenSSL-Universal
    - YogaKit

EXTERNAL SOURCES:
  boost:
    :podspec: "../../third-party-podspecs/boost.podspec"
  boost-for-react-native:
    :podspec: "../../third-party-podspecs/boost-for-react-native.podspec"
  DoubleConversion:
    :podspec: "../../third-party-podspecs/DoubleConversion.podspec"
  FBLazyVector:
    :path: "../../Libraries/FBLazyVector"
  FBReactNativeSpec:
    :path: "../../React/FBReactNativeSpec"
  glog:
    :podspec: "../../third-party-podspecs/glog.podspec"
  RCT-Folly:
    :podspec: "../../third-party-podspecs/RCT-Folly.podspec"
  RCTRequired:
    :path: "../../Libraries/RCTRequired"
  RCTTypeSafety:
    :path: "../../Libraries/TypeSafety"
  React:
    :path: "../../"
  React-callinvoker:
    :path: "../../ReactCommon/callinvoker"
  React-Core:
    :path: "../../"
  React-CoreModules:
    :path: "../../React/CoreModules"
  React-cxxreact:
    :path: "../../ReactCommon/cxxreact"
  React-jsi:
    :path: "../../ReactCommon/jsi"
  React-jsiexecutor:
    :path: "../../ReactCommon/jsiexecutor"
  React-jsinspector:
    :path: "../../ReactCommon/jsinspector"
  React-logger:
    :path: "../../ReactCommon/logger"
  React-perflogger:
    :path: "../../ReactCommon/reactperflogger"
  React-RCTActionSheet:
    :path: "../../Libraries/ActionSheetIOS"
  React-RCTAnimation:
    :path: "../../Libraries/NativeAnimation"
  React-RCTBlob:
    :path: "../../Libraries/Blob"
  React-RCTImage:
    :path: "../../Libraries/Image"
  React-RCTLinking:
    :path: "../../Libraries/LinkingIOS"
  React-RCTNetwork:
    :path: "../../Libraries/Network"
  React-RCTPushNotification:
    :path: "../../Libraries/PushNotificationIOS"
  React-RCTSettings:
    :path: "../../Libraries/Settings"
  React-RCTTest:
    :path: "./RCTTest"
  React-RCTText:
    :path: "../../Libraries/Text"
  React-RCTVibration:
    :path: "../../Libraries/Vibration"
  React-runtimeexecutor:
    :path: "../../ReactCommon/runtimeexecutor"
  React-TurboModuleCxx-RNW:
    :podspec: "../../ReactTurboModuleCxx/React-TurboModuleCxx-RNW.podspec"
  React-TurboModuleCxx-WinRTPort:
    :path: "../../ReactTurboModuleCxx"
  ReactCommon:
    :path: "../../ReactCommon"
  Yoga:
    :path: "../../ReactCommon/yoga"

SPEC CHECKSUMS:
  boost: 613e39eac4239cc72b15421247b5ab05361266a2
  boost-for-react-native: 8f7c9ecfe357664c072ffbe2432569667cbf1f1b
  CocoaAsyncSocket: 065fd1e645c7abab64f7a6a2007a48038fdc6a99
  DoubleConversion: ed15e075aa758ac0e4c1f8b830bd4e4d40d669e8
  FBLazyVector: 5f3fba8960b89cbeb5f2a36d965fb5f1c1a5e7d9
  FBReactNativeSpec: 036759ac1e5d0911eb353b2d92cc2b052be1d088
  Flipper: 30e8eeeed6abdc98edaf32af0cda2f198be4b733
  Flipper-Boost-iOSX: fd1e2b8cbef7e662a122412d7ac5f5bea715403c
  Flipper-DoubleConversion: 57ffbe81ef95306cc9e69c4aa3aeeeeb58a6a28c
  Flipper-Fmt: 60cbdd92fc254826e61d669a5d87ef7015396a9b
  Flipper-Folly: 83af37379faa69497529e414bd43fbfc7cae259a
  Flipper-Glog: 1dfd6abf1e922806c52ceb8701a3599a79a200a6
  Flipper-PeerTalk: 116d8f857dc6ef55c7a5a75ea3ceaafe878aadc9
  Flipper-RSocket: d9d9ade67cbecf6ac10730304bf5607266dd2541
  FlipperKit: d8d346844eca5d9120c17d441a2f38596e8ed2b9
  fmt: ff9d55029c625d3757ed641535fd4a75fedc7ce9
  glog: 42c4bf47024808486e90b25ea9e5ac3959047641
  libevent: 4049cae6c81cdb3654a443be001fb9bdceff7913
  OpenSSL-Universal: 1aa4f6a6ee7256b83db99ec1ccdaa80d10f9af9b
  RCT-Folly: 43adc9ce880eb76792f88c011773cb5c664c1419
  RCTRequired: fc9af6f6c20453470c13bf1d3f90f25bc169c7c2
  RCTTypeSafety: b2a18775a479124ce6b1f26b018af6c6c2c7dd7f
  React: ef076dffe7ab733d0809a9a7848847cc71214f2d
  React-callinvoker: 73f7f22568731cddaa11914595e5e7a9e991c0f0
  React-Core: 0e827109fcc79c228d9a1da126eebeb5f24419e0
  React-CoreModules: 5c6a369402a88d0713791833e91d45bb48a129c6
  React-cxxreact: 87f6a78af32ddff4c7b4b01656135dc2131bcebe
  React-jsi: a27e263b595c691337a13998bb9dc3155225d78f
  React-jsiexecutor: e0f8da95a0915643a1334f3d5c0ae8de17219a90
  React-jsinspector: 10cbe704f576e9d6e165c2301c7405d8d7e50ebd
  React-logger: 901bf50da094cab191d4f780173105862be29f94
  React-perflogger: 332ae9392fce956910240e27d9a3d0730852c837
  React-RCTActionSheet: 256fff455287c5c3f24d463386c5e2cca9dc98e3
  React-RCTAnimation: c1772b41131fd5bbc1cde7869d5a6a3a3276dc9b
  React-RCTBlob: 1c35a3ab7a8ec0cfdfc9baa9574b1e9157aeecd8
  React-RCTImage: e258da31cf8d689485a1292a126677584e548342
  React-RCTLinking: a1f4417bc5aa4ec84d5ac13d4a35e8542b699591
  React-RCTNetwork: d2353d0a268795a2ac883250714a12d3564d1a68
  React-RCTPushNotification: 5778e94535fbd6a52d86759d5600ca62f91c91f6
  React-RCTSettings: a15282135cbed3a8cf97e6aaf23924b01e35995d
  React-RCTTest: 848d60c1a82bc8a4c011d4eaf6b101b35f107b86
  React-RCTText: 4800911faa3a292cdf649919d6df277a63c84224
  React-RCTVibration: ef8610083cf9a98f37a1ea28969f756de9cce1c3
  React-runtimeexecutor: 1727ea2386dc91968ca60bc1b95c3f33d6fa060b
  React-TurboModuleCxx-RNW: 85e21d6ad51fe5b4f7ab229c9812e9fba2cd4a2f
  React-TurboModuleCxx-WinRTPort: 280158c04c27a17c01adc93f7df9afd1849b5652
  ReactCommon: 4ef0815eeeaf66a9780255983402f377ed89248a
  Yoga: dc3cb7caf4fd4c4826ef0231e598a9af74b5572e
  YogaKit: f782866e155069a2cca2517aafea43200b01fd5a

PODFILE CHECKSUM: c7a7110b242497f2bf323ba74caedb9ee61ee05e

COCOAPODS: 1.11.3
