PODS:
  - boost-for-react-native (1.63.0)
  - CocoaAsyncSocket (7.6.3)
  - CocoaLibEvent (1.0.0)
  - DoubleConversion (1.1.6)
  - FBLazyVector (0.62.34)
  - FBReactNativeSpec (0.62.34):
    - RCT-Folly (= 2018.10.22.00)
    - RCTRequired (= 0.62.34)
    - RCTTypeSafety (= 0.62.34)
    - React-Core (= 0.62.34)
    - React-jsi (= 0.62.34)
    - ReactCommon/turbomodule/core (= 0.62.34)
  - Flipper (0.30.2):
    - Flipper-Folly (~> 2.1)
    - Flipper-RSocket (~> 1.0)
  - Flipper-DoubleConversion (1.1.7)
  - Flipper-Folly (2.2.0):
    - boost-for-react-native
    - CocoaLibEvent (~> 1.0)
    - Flipper-DoubleConversion
    - Flipper-Glog
    - OpenSSL-Universal (= 1.0.2.19)
  - Flipper-Glog (0.3.6)
  - Flipper-PeerTalk (0.0.4)
  - Flipper-RSocket (1.1.0):
    - Flipper-Folly (~> 2.2)
  - FlipperKit (0.30.2):
    - FlipperKit/Core (= 0.30.2)
  - FlipperKit/Core (0.30.2):
    - Flipper (~> 0.30.2)
    - FlipperKit/CppBridge
    - FlipperKit/FBCxxFollyDynamicConvert
    - FlipperKit/FBDefines
    - FlipperKit/FKPortForwarding
  - FlipperKit/CppBridge (0.30.2):
    - Flipper (~> 0.30.2)
  - FlipperKit/FBCxxFollyDynamicConvert (0.30.2):
    - Flipper-Folly (~> 2.1)
  - FlipperKit/FBDefines (0.30.2)
  - FlipperKit/FKPortForwarding (0.30.2):
    - CocoaAsyncSocket (~> 7.6)
    - Flipper-PeerTalk (~> 0.0.4)
  - FlipperKit/FlipperKitHighlightOverlay (0.30.2)
  - FlipperKit/FlipperKitLayoutPlugin (0.30.2):
    - FlipperKit/Core
    - FlipperKit/FlipperKitHighlightOverlay
    - FlipperKit/FlipperKitLayoutTextSearchable
    - YogaKit (~> 1.18)
  - FlipperKit/FlipperKitLayoutTextSearchable (0.30.2)
  - FlipperKit/FlipperKitNetworkPlugin (0.30.2):
    - FlipperKit/Core
  - FlipperKit/FlipperKitReactPlugin (0.30.2):
    - FlipperKit/Core
  - FlipperKit/FlipperKitUserDefaultsPlugin (0.30.2):
    - FlipperKit/Core
  - FlipperKit/SKIOSNetworkPlugin (0.30.2):
    - FlipperKit/Core
    - FlipperKit/FlipperKitNetworkPlugin
  - glog (0.3.5)
  - OpenSSL-Universal (1.0.2.19):
    - OpenSSL-Universal/Static (= 1.0.2.19)
  - OpenSSL-Universal/Static (1.0.2.19)
  - RCT-Folly (2018.10.22.00):
    - boost-for-react-native
    - DoubleConversion
    - glog
    - RCT-Folly/Default (= 2018.10.22.00)
  - RCT-Folly/Default (2018.10.22.00):
    - boost-for-react-native
    - DoubleConversion
    - glog
  - RCTRequired (0.62.34)
  - RCTTypeSafety (0.62.34):
    - FBLazyVector (= 0.62.34)
    - RCT-Folly (= 2018.10.22.00)
    - RCTRequired (= 0.62.34)
    - React-Core (= 0.62.34)
  - React (0.62.34):
    - React-Core (= 0.62.34)
    - React-Core/DevSupport (= 0.62.34)
    - React-Core/RCTWebSocket (= 0.62.34)
    - React-RCTActionSheet (= 0.62.34)
    - React-RCTAnimation (= 0.62.34)
    - React-RCTBlob (= 0.62.34)
    - React-RCTImage (= 0.62.34)
    - React-RCTLinking (= 0.62.34)
    - React-RCTNetwork (= 0.62.34)
    - React-RCTSettings (= 0.62.34)
    - React-RCTText (= 0.62.34)
    - React-RCTVibration (= 0.62.34)
  - React-ART (0.62.34):
    - React-Core/ARTHeaders (= 0.62.34)
  - React-Core (0.62.34):
    - glog
    - RCT-Folly (= 2018.10.22.00)
    - React-Core/Default (= 0.62.34)
    - React-cxxreact (= 0.62.34)
    - React-jsi (= 0.62.34)
    - React-jsiexecutor (= 0.62.34)
    - Yoga
  - React-Core/ARTHeaders (0.62.34):
    - glog
    - RCT-Folly (= 2018.10.22.00)
    - React-Core/Default
    - React-cxxreact (= 0.62.34)
    - React-jsi (= 0.62.34)
    - React-jsiexecutor (= 0.62.34)
    - Yoga
  - React-Core/CoreModulesHeaders (0.62.34):
    - glog
    - RCT-Folly (= 2018.10.22.00)
    - React-Core/Default
    - React-cxxreact (= 0.62.34)
    - React-jsi (= 0.62.34)
    - React-jsiexecutor (= 0.62.34)
    - Yoga
  - React-Core/Default (0.62.34):
    - glog
    - RCT-Folly (= 2018.10.22.00)
    - React-cxxreact (= 0.62.34)
    - React-jsi (= 0.62.34)
    - React-jsiexecutor (= 0.62.34)
    - Yoga
  - React-Core/DevSupport (0.62.34):
    - glog
    - RCT-Folly (= 2018.10.22.00)
    - React-Core/Default (= 0.62.34)
    - React-Core/RCTWebSocket (= 0.62.34)
    - React-cxxreact (= 0.62.34)
    - React-jsi (= 0.62.34)
    - React-jsiexecutor (= 0.62.34)
    - React-jsinspector (= 0.62.34)
    - Yoga
  - React-Core/RCTActionSheetHeaders (0.62.34):
    - glog
    - RCT-Folly (= 2018.10.22.00)
    - React-Core/Default
    - React-cxxreact (= 0.62.34)
    - React-jsi (= 0.62.34)
    - React-jsiexecutor (= 0.62.34)
    - Yoga
  - React-Core/RCTAnimationHeaders (0.62.34):
    - glog
    - RCT-Folly (= 2018.10.22.00)
    - React-Core/Default
    - React-cxxreact (= 0.62.34)
    - React-jsi (= 0.62.34)
    - React-jsiexecutor (= 0.62.34)
    - Yoga
  - React-Core/RCTBlobHeaders (0.62.34):
    - glog
    - RCT-Folly (= 2018.10.22.00)
    - React-Core/Default
    - React-cxxreact (= 0.62.34)
    - React-jsi (= 0.62.34)
    - React-jsiexecutor (= 0.62.34)
    - Yoga
  - React-Core/RCTImageHeaders (0.62.34):
    - glog
    - RCT-Folly (= 2018.10.22.00)
    - React-Core/Default
    - React-cxxreact (= 0.62.34)
    - React-jsi (= 0.62.34)
    - React-jsiexecutor (= 0.62.34)
    - Yoga
  - React-Core/RCTLinkingHeaders (0.62.34):
    - glog
    - RCT-Folly (= 2018.10.22.00)
    - React-Core/Default
    - React-cxxreact (= 0.62.34)
    - React-jsi (= 0.62.34)
    - React-jsiexecutor (= 0.62.34)
    - Yoga
  - React-Core/RCTNetworkHeaders (0.62.34):
    - glog
    - RCT-Folly (= 2018.10.22.00)
    - React-Core/Default
    - React-cxxreact (= 0.62.34)
    - React-jsi (= 0.62.34)
    - React-jsiexecutor (= 0.62.34)
    - Yoga
  - React-Core/RCTPushNotificationHeaders (0.62.34):
    - glog
    - RCT-Folly (= 2018.10.22.00)
    - React-Core/Default
    - React-cxxreact (= 0.62.34)
    - React-jsi (= 0.62.34)
    - React-jsiexecutor (= 0.62.34)
    - Yoga
  - React-Core/RCTSettingsHeaders (0.62.34):
    - glog
    - RCT-Folly (= 2018.10.22.00)
    - React-Core/Default
    - React-cxxreact (= 0.62.34)
    - React-jsi (= 0.62.34)
    - React-jsiexecutor (= 0.62.34)
    - Yoga
  - React-Core/RCTTextHeaders (0.62.34):
    - glog
    - RCT-Folly (= 2018.10.22.00)
    - React-Core/Default
    - React-cxxreact (= 0.62.34)
    - React-jsi (= 0.62.34)
    - React-jsiexecutor (= 0.62.34)
    - Yoga
  - React-Core/RCTVibrationHeaders (0.62.34):
    - glog
    - RCT-Folly (= 2018.10.22.00)
    - React-Core/Default
    - React-cxxreact (= 0.62.34)
    - React-jsi (= 0.62.34)
    - React-jsiexecutor (= 0.62.34)
    - Yoga
  - React-Core/RCTWebSocket (0.62.34):
    - glog
    - RCT-Folly (= 2018.10.22.00)
    - React-Core/Default (= 0.62.34)
    - React-cxxreact (= 0.62.34)
    - React-jsi (= 0.62.34)
    - React-jsiexecutor (= 0.62.34)
    - Yoga
  - React-CoreModules (0.62.34):
    - FBReactNativeSpec (= 0.62.34)
    - RCT-Folly (= 2018.10.22.00)
    - RCTTypeSafety (= 0.62.34)
    - React-Core/CoreModulesHeaders (= 0.62.34)
    - React-RCTImage (= 0.62.34)
    - ReactCommon/turbomodule/core (= 0.62.34)
  - React-cxxreact (0.62.34):
    - boost-for-react-native (= 1.63.0)
    - DoubleConversion
    - glog
    - RCT-Folly (= 2018.10.22.00)
    - React-jsinspector (= 0.62.34)
  - React-jsi (0.62.34):
    - boost-for-react-native (= 1.63.0)
    - DoubleConversion
    - glog
    - RCT-Folly (= 2018.10.22.00)
    - React-jsi/Default (= 0.62.34)
  - React-jsi/Default (0.62.34):
    - boost-for-react-native (= 1.63.0)
    - DoubleConversion
    - glog
    - RCT-Folly (= 2018.10.22.00)
  - React-jsiexecutor (0.62.34):
    - DoubleConversion
    - glog
    - RCT-Folly (= 2018.10.22.00)
    - React-cxxreact (= 0.62.34)
    - React-jsi (= 0.62.34)
  - React-jsinspector (0.62.34)
  - React-RCTActionSheet (0.62.34):
    - React-Core/RCTActionSheetHeaders (= 0.62.34)
  - React-RCTAnimation (0.62.34):
    - FBReactNativeSpec (= 0.62.34)
    - RCT-Folly (= 2018.10.22.00)
    - RCTTypeSafety (= 0.62.34)
    - React-Core/RCTAnimationHeaders (= 0.62.34)
    - ReactCommon/turbomodule/core (= 0.62.34)
  - React-RCTBlob (0.62.34):
    - FBReactNativeSpec (= 0.62.34)
    - RCT-Folly (= 2018.10.22.00)
    - React-Core/RCTBlobHeaders (= 0.62.34)
    - React-Core/RCTWebSocket (= 0.62.34)
    - React-jsi (= 0.62.34)
    - React-RCTNetwork (= 0.62.34)
    - ReactCommon/turbomodule/core (= 0.62.34)
  - React-RCTImage (0.62.34):
    - FBReactNativeSpec (= 0.62.34)
    - RCT-Folly (= 2018.10.22.00)
    - RCTTypeSafety (= 0.62.34)
    - React-Core/RCTImageHeaders (= 0.62.34)
    - React-RCTNetwork (= 0.62.34)
    - ReactCommon/turbomodule/core (= 0.62.34)
  - React-RCTLinking (0.62.34):
    - FBReactNativeSpec (= 0.62.34)
    - React-Core/RCTLinkingHeaders (= 0.62.34)
    - ReactCommon/turbomodule/core (= 0.62.34)
  - React-RCTNetwork (0.62.34):
    - FBReactNativeSpec (= 0.62.34)
    - RCT-Folly (= 2018.10.22.00)
    - RCTTypeSafety (= 0.62.34)
    - React-Core/RCTNetworkHeaders (= 0.62.34)
    - ReactCommon/turbomodule/core (= 0.62.34)
  - React-RCTPushNotification (0.62.34):
    - FBReactNativeSpec (= 0.62.34)
    - RCTTypeSafety (= 0.62.34)
    - React-Core/RCTPushNotificationHeaders (= 0.62.34)
    - ReactCommon/turbomodule/core (= 0.62.34)
  - React-RCTSettings (0.62.34):
    - FBReactNativeSpec (= 0.62.34)
    - RCT-Folly (= 2018.10.22.00)
    - RCTTypeSafety (= 0.62.34)
    - React-Core/RCTSettingsHeaders (= 0.62.34)
    - ReactCommon/turbomodule/core (= 0.62.34)
  - React-RCTTest (0.62.34):
    - React-Core (= 0.62.34)
    - React-CoreModules (= 0.62.34)
  - React-RCTText (0.62.34):
    - React-Core/RCTTextHeaders (= 0.62.34)
  - React-RCTVibration (0.62.34):
    - FBReactNativeSpec (= 0.62.34)
    - RCT-Folly (= 2018.10.22.00)
    - React-Core/RCTVibrationHeaders (= 0.62.34)
    - ReactCommon/turbomodule/core (= 0.62.34)
  - ReactCommon/callinvoker (0.62.34):
    - DoubleConversion
    - glog
    - RCT-Folly (= 2018.10.22.00)
    - React-cxxreact (= 0.62.34)
  - ReactCommon/turbomodule/core (0.62.34):
    - DoubleConversion
    - glog
    - RCT-Folly (= 2018.10.22.00)
    - React-Core (= 0.62.34)
    - React-cxxreact (= 0.62.34)
    - React-jsi (= 0.62.34)
    - ReactCommon/callinvoker (= 0.62.34)
  - ReactCommon/turbomodule/samples (0.62.34):
    - DoubleConversion
    - glog
    - RCT-Folly (= 2018.10.22.00)
    - React-Core (= 0.62.34)
    - React-cxxreact (= 0.62.34)
    - React-jsi (= 0.62.34)
    - ReactCommon/callinvoker (= 0.62.34)
    - ReactCommon/turbomodule/core (= 0.62.34)
  - Yoga (1.14.0)
  - YogaKit (1.18.1):
    - Yoga (~> 1.14)

DEPENDENCIES:
  - boost-for-react-native (from `../third-party-podspecs/boost-for-react-native.podspec`)
  - DoubleConversion (from `../third-party-podspecs/DoubleConversion.podspec`)
  - FBLazyVector (from `../Libraries/FBLazyVector`)
  - FBReactNativeSpec (from `../Libraries/FBReactNativeSpec`)
  - FlipperKit (~> 0.30.1)
  - FlipperKit/FlipperKitLayoutPlugin (~> 0.30.1)
  - FlipperKit/FlipperKitReactPlugin (~> 0.30.1)
  - FlipperKit/FlipperKitUserDefaultsPlugin (~> 0.30.1)
  - FlipperKit/SKIOSNetworkPlugin (~> 0.30.1)
  - glog (from `../third-party-podspecs/glog.podspec`)
  - RCT-Folly (from `../third-party-podspecs/RCT-Folly.podspec`)
  - RCTRequired (from `../Libraries/RCTRequired`)
  - RCTTypeSafety (from `../Libraries/TypeSafety`)
  - React (from `../`)
  - React-ART (from `../Libraries/ART`)
  - React-Core (from `../`)
  - React-Core/DevSupport (from `../`)
  - React-Core/RCTWebSocket (from `../`)
  - React-CoreModules (from `../React/CoreModules`)
  - React-cxxreact (from `../ReactCommon/cxxreact`)
  - React-jsi (from `../ReactCommon/jsi`)
  - React-jsiexecutor (from `../ReactCommon/jsiexecutor`)
  - React-jsinspector (from `../ReactCommon/jsinspector`)
  - React-RCTActionSheet (from `../Libraries/ActionSheetIOS`)
  - React-RCTAnimation (from `../Libraries/NativeAnimation`)
  - React-RCTBlob (from `../Libraries/Blob`)
  - React-RCTImage (from `../Libraries/Image`)
  - React-RCTLinking (from `../Libraries/LinkingIOS`)
  - React-RCTNetwork (from `../Libraries/Network`)
  - React-RCTPushNotification (from `../Libraries/PushNotificationIOS`)
  - React-RCTSettings (from `../Libraries/Settings`)
  - React-RCTTest (from `RCTTest`)
  - React-RCTText (from `../Libraries/Text`)
  - React-RCTVibration (from `../Libraries/Vibration`)
  - ReactCommon/callinvoker (from `../ReactCommon`)
  - ReactCommon/turbomodule/core (from `../ReactCommon`)
  - ReactCommon/turbomodule/samples (from `../ReactCommon`)
  - Yoga (from `../ReactCommon/yoga`)

SPEC REPOS:
  trunk:
    - CocoaAsyncSocket
    - CocoaLibEvent
    - Flipper
    - Flipper-DoubleConversion
    - Flipper-Folly
    - Flipper-Glog
    - Flipper-PeerTalk
    - Flipper-RSocket
    - FlipperKit
    - OpenSSL-Universal
    - YogaKit

EXTERNAL SOURCES:
  boost-for-react-native:
    :podspec: "../third-party-podspecs/boost-for-react-native.podspec"
  DoubleConversion:
    :podspec: "../third-party-podspecs/DoubleConversion.podspec"
  FBLazyVector:
    :path: "../Libraries/FBLazyVector"
  FBReactNativeSpec:
    :path: "../Libraries/FBReactNativeSpec"
  glog:
    :podspec: "../third-party-podspecs/glog.podspec"
  RCT-Folly:
    :podspec: "../third-party-podspecs/RCT-Folly.podspec"
  RCTRequired:
    :path: "../Libraries/RCTRequired"
  RCTTypeSafety:
    :path: "../Libraries/TypeSafety"
  React:
    :path: "../"
  React-ART:
    :path: "../Libraries/ART"
  React-Core:
    :path: "../"
  React-CoreModules:
    :path: "../React/CoreModules"
  React-cxxreact:
    :path: "../ReactCommon/cxxreact"
  React-jsi:
    :path: "../ReactCommon/jsi"
  React-jsiexecutor:
    :path: "../ReactCommon/jsiexecutor"
  React-jsinspector:
    :path: "../ReactCommon/jsinspector"
  React-RCTActionSheet:
    :path: "../Libraries/ActionSheetIOS"
  React-RCTAnimation:
    :path: "../Libraries/NativeAnimation"
  React-RCTBlob:
    :path: "../Libraries/Blob"
  React-RCTImage:
    :path: "../Libraries/Image"
  React-RCTLinking:
    :path: "../Libraries/LinkingIOS"
  React-RCTNetwork:
    :path: "../Libraries/Network"
  React-RCTPushNotification:
    :path: "../Libraries/PushNotificationIOS"
  React-RCTSettings:
    :path: "../Libraries/Settings"
  React-RCTTest:
    :path: RCTTest
  React-RCTText:
    :path: "../Libraries/Text"
  React-RCTVibration:
    :path: "../Libraries/Vibration"
  ReactCommon:
    :path: "../ReactCommon"
  Yoga:
    :path: "../ReactCommon/yoga"

SPEC CHECKSUMS:
  boost-for-react-native: dabda8622e76020607c2ae1e65cc0cda8b61479d
  CocoaAsyncSocket: eafaa68a7e0ec99ead0a7b35015e0bf25d2c8987
  CocoaLibEvent: 2fab71b8bd46dd33ddb959f7928ec5909f838e3f
  DoubleConversion: 56a44bcfd14ab2ff66f5a146b2e875eb4b69b19b
  FBLazyVector: fb6f41f5af569ff04aafa533912d8ab085432d98
  FBReactNativeSpec: a1157d5d41bd90db725b85a000e0c92ea3c51662
  Flipper: 10b225e352595f521be0e5badddd90e241336e89
  Flipper-DoubleConversion: 38631e41ef4f9b12861c67d17cb5518d06badc41
  Flipper-Folly: c12092ea368353b58e992843a990a3225d4533c3
  Flipper-Glog: 1dfd6abf1e922806c52ceb8701a3599a79a200a6
  Flipper-PeerTalk: 116d8f857dc6ef55c7a5a75ea3ceaafe878aadc9
  Flipper-RSocket: 64e7431a55835eb953b0bf984ef3b90ae9fdddd7
  FlipperKit: 88b7f0d0cf907ddc2137b85eeb7f3d4d8d9395c8
  glog: 1cb7c408c781ae8f35bbababe459b45e3dee4ec1
  OpenSSL-Universal: 8b48cc0d10c1b2923617dfe5c178aa9ed2689355
  RCT-Folly: 71ece0166f9c96c1ec9279eeb0317baf533c020f
  RCTRequired: 5643c8be1e6fb71068692517c2b7a8673e60b996
  RCTTypeSafety: 226e1273b70a82e19bbb634a5c3c1249b2f1bb5c
  React: 13301ab3da745e27e21e601c1a666510886a48c5
  React-ART: a2783c12cd1c765b5ca9ae643caad382c2bb2c97
  React-Core: a88349efe0210c55236a7332ba437053f831d5bd
  React-CoreModules: 5d9c8b9eb1059255347017138053c8bb7986cc8c
  React-cxxreact: 506e29c5d3c2a266f0d50d0990d047c62855cc7f
  React-jsi: 344604d31fb70e448e30d1f679f28c3f0d0432ba
  React-jsiexecutor: 27755636cc436a0240140a87e46af020609a9be0
  React-jsinspector: fa0ba419443eed113a3927c27a9c4f9f38e24b46
  React-RCTActionSheet: 157f3514a6fb8e7af49ba224013f7dce8899793e
  React-RCTAnimation: 7296f228b9002e2171a15697cce5cc2a66ed94ba
  React-RCTBlob: 876178ad56e7b89f9a0cb72654341b1230d8e5ba
  React-RCTImage: 6d6b55d548eeff4bf69399a295de990a1cb3418e
  React-RCTLinking: 29a2ef90177259359219cb9f16d5aa3fb2f088a8
  React-RCTNetwork: 53d49aed99e86d3d4917dd4827a56d12560cb3c2
  React-RCTPushNotification: f0c52a1d0fb687ae91eacdbf2cc5d148bca0e59c
  React-RCTSettings: 6fb591652439d5e62ea677070d7875275e8522b2
  React-RCTTest: 6ec9bb5b4d7fa79e21385bf4ae570aa655d3cac8
  React-RCTText: 889aa7a221e1d3a51f13954d2aa8c8acddd84118
  React-RCTVibration: e41668de5ea2d71ef5853ecf34bcbdee4fe8fe87
  ReactCommon: 4d1efe8c92d2f8b3da98f58aec2b9c0432560a9f
  Yoga: fc618e9527042e0b78d16c2b810c29cf06480586
  YogaKit: f782866e155069a2cca2517aafea43200b01fd5a

PODFILE CHECKSUM: c32527774390d90f2e860bf78c7ccea086cebe93

COCOAPODS: 1.10.1
