PODS:
  - boost-for-react-native (1.63.0)
  - DoubleConversion (1.1.6)
  - FBLazyVector (0.63.38)
  - FBReactNativeSpec (0.63.38):
    - RCT-Folly (= 2020.01.13.00)
    - RCTRequired (= 0.63.38)
    - RCTTypeSafety (= 0.63.38)
    - React-Core (= 0.63.38)
    - React-jsi (= 0.63.38)
    - ReactCommon/turbomodule/core (= 0.63.38)
  - glog (0.3.5)
  - RCT-Folly (2020.01.13.00):
    - boost-for-react-native
    - DoubleConversion
    - glog
    - RCT-Folly/Default (= 2020.01.13.00)
  - RCT-Folly/Default (2020.01.13.00):
    - boost-for-react-native
    - DoubleConversion
    - glog
  - RCTRequired (0.63.38)
  - RCTTypeSafety (0.63.38):
    - FBLazyVector (= 0.63.38)
    - RCT-Folly (= 2020.01.13.00)
    - RCTRequired (= 0.63.38)
    - React-Core (= 0.63.38)
  - React (0.63.38):
    - React-Core (= 0.63.38)
    - React-Core/DevSupport (= 0.63.38)
    - React-Core/RCTWebSocket (= 0.63.38)
    - React-RCTActionSheet (= 0.63.38)
    - React-RCTAnimation (= 0.63.38)
    - React-RCTBlob (= 0.63.38)
    - React-RCTImage (= 0.63.38)
    - React-RCTLinking (= 0.63.38)
    - React-RCTNetwork (= 0.63.38)
    - React-RCTSettings (= 0.63.38)
    - React-RCTText (= 0.63.38)
    - React-RCTVibration (= 0.63.38)
  - React-ART (0.63.38):
    - React-Core/ARTHeaders (= 0.63.38)
  - React-callinvoker (0.63.38)
  - React-Core (0.63.38):
    - glog
    - RCT-Folly (= 2020.01.13.00)
    - React-Core/Default (= 0.63.38)
    - React-cxxreact (= 0.63.38)
    - React-jsi (= 0.63.38)
    - React-jsiexecutor (= 0.63.38)
    - Yoga
  - React-Core/ARTHeaders (0.63.38):
    - glog
    - RCT-Folly (= 2020.01.13.00)
    - React-Core/Default
    - React-cxxreact (= 0.63.38)
    - React-jsi (= 0.63.38)
    - React-jsiexecutor (= 0.63.38)
    - Yoga
  - React-Core/CoreModulesHeaders (0.63.38):
    - glog
    - RCT-Folly (= 2020.01.13.00)
    - React-Core/Default
    - React-cxxreact (= 0.63.38)
    - React-jsi (= 0.63.38)
    - React-jsiexecutor (= 0.63.38)
    - Yoga
  - React-Core/Default (0.63.38):
    - glog
    - RCT-Folly (= 2020.01.13.00)
    - React-cxxreact (= 0.63.38)
    - React-jsi (= 0.63.38)
    - React-jsiexecutor (= 0.63.38)
    - Yoga
  - React-Core/DevSupport (0.63.38):
    - glog
    - RCT-Folly (= 2020.01.13.00)
    - React-Core/Default (= 0.63.38)
    - React-Core/RCTWebSocket (= 0.63.38)
    - React-cxxreact (= 0.63.38)
    - React-jsi (= 0.63.38)
    - React-jsiexecutor (= 0.63.38)
    - React-jsinspector (= 0.63.38)
    - Yoga
  - React-Core/RCTActionSheetHeaders (0.63.38):
    - glog
    - RCT-Folly (= 2020.01.13.00)
    - React-Core/Default
    - React-cxxreact (= 0.63.38)
    - React-jsi (= 0.63.38)
    - React-jsiexecutor (= 0.63.38)
    - Yoga
  - React-Core/RCTAnimationHeaders (0.63.38):
    - glog
    - RCT-Folly (= 2020.01.13.00)
    - React-Core/Default
    - React-cxxreact (= 0.63.38)
    - React-jsi (= 0.63.38)
    - React-jsiexecutor (= 0.63.38)
    - Yoga
  - React-Core/RCTBlobHeaders (0.63.38):
    - glog
    - RCT-Folly (= 2020.01.13.00)
    - React-Core/Default
    - React-cxxreact (= 0.63.38)
    - React-jsi (= 0.63.38)
    - React-jsiexecutor (= 0.63.38)
    - Yoga
  - React-Core/RCTImageHeaders (0.63.38):
    - glog
    - RCT-Folly (= 2020.01.13.00)
    - React-Core/Default
    - React-cxxreact (= 0.63.38)
    - React-jsi (= 0.63.38)
    - React-jsiexecutor (= 0.63.38)
    - Yoga
  - React-Core/RCTLinkingHeaders (0.63.38):
    - glog
    - RCT-Folly (= 2020.01.13.00)
    - React-Core/Default
    - React-cxxreact (= 0.63.38)
    - React-jsi (= 0.63.38)
    - React-jsiexecutor (= 0.63.38)
    - Yoga
  - React-Core/RCTNetworkHeaders (0.63.38):
    - glog
    - RCT-Folly (= 2020.01.13.00)
    - React-Core/Default
    - React-cxxreact (= 0.63.38)
    - React-jsi (= 0.63.38)
    - React-jsiexecutor (= 0.63.38)
    - Yoga
  - React-Core/RCTPushNotificationHeaders (0.63.38):
    - glog
    - RCT-Folly (= 2020.01.13.00)
    - React-Core/Default
    - React-cxxreact (= 0.63.38)
    - React-jsi (= 0.63.38)
    - React-jsiexecutor (= 0.63.38)
    - Yoga
  - React-Core/RCTSettingsHeaders (0.63.38):
    - glog
    - RCT-Folly (= 2020.01.13.00)
    - React-Core/Default
    - React-cxxreact (= 0.63.38)
    - React-jsi (= 0.63.38)
    - React-jsiexecutor (= 0.63.38)
    - Yoga
  - React-Core/RCTTextHeaders (0.63.38):
    - glog
    - RCT-Folly (= 2020.01.13.00)
    - React-Core/Default
    - React-cxxreact (= 0.63.38)
    - React-jsi (= 0.63.38)
    - React-jsiexecutor (= 0.63.38)
    - Yoga
  - React-Core/RCTVibrationHeaders (0.63.38):
    - glog
    - RCT-Folly (= 2020.01.13.00)
    - React-Core/Default
    - React-cxxreact (= 0.63.38)
    - React-jsi (= 0.63.38)
    - React-jsiexecutor (= 0.63.38)
    - Yoga
  - React-Core/RCTWebSocket (0.63.38):
    - glog
    - RCT-Folly (= 2020.01.13.00)
    - React-Core/Default (= 0.63.38)
    - React-cxxreact (= 0.63.38)
    - React-jsi (= 0.63.38)
    - React-jsiexecutor (= 0.63.38)
    - Yoga
  - React-CoreModules (0.63.38):
    - FBReactNativeSpec (= 0.63.38)
    - RCT-Folly (= 2020.01.13.00)
    - RCTTypeSafety (= 0.63.38)
    - React-Core/CoreModulesHeaders (= 0.63.38)
    - React-jsi (= 0.63.38)
    - React-RCTImage (= 0.63.38)
    - ReactCommon/turbomodule/core (= 0.63.38)
  - React-cxxreact (0.63.38):
    - boost-for-react-native (= 1.63.0)
    - DoubleConversion
    - glog
    - RCT-Folly (= 2020.01.13.00)
    - React-callinvoker (= 0.63.38)
    - React-jsinspector (= 0.63.38)
  - React-jsi (0.63.38):
    - boost-for-react-native (= 1.63.0)
    - DoubleConversion
    - glog
    - RCT-Folly (= 2020.01.13.00)
    - React-jsi/Default (= 0.63.38)
  - React-jsi/Default (0.63.38):
    - boost-for-react-native (= 1.63.0)
    - DoubleConversion
    - glog
    - RCT-Folly (= 2020.01.13.00)
  - React-jsiexecutor (0.63.38):
    - DoubleConversion
    - glog
    - RCT-Folly (= 2020.01.13.00)
    - React-cxxreact (= 0.63.38)
    - React-jsi (= 0.63.38)
  - React-jsinspector (0.63.38)
  - React-RCTActionSheet (0.63.38):
    - React-Core/RCTActionSheetHeaders (= 0.63.38)
  - React-RCTAnimation (0.63.38):
    - FBReactNativeSpec (= 0.63.38)
    - RCT-Folly (= 2020.01.13.00)
    - RCTTypeSafety (= 0.63.38)
    - React-Core/RCTAnimationHeaders (= 0.63.38)
    - React-jsi (= 0.63.38)
    - ReactCommon/turbomodule/core (= 0.63.38)
  - React-RCTBlob (0.63.38):
    - FBReactNativeSpec (= 0.63.38)
    - RCT-Folly (= 2020.01.13.00)
    - React-Core/RCTBlobHeaders (= 0.63.38)
    - React-Core/RCTWebSocket (= 0.63.38)
    - React-jsi (= 0.63.38)
    - React-RCTNetwork (= 0.63.38)
    - ReactCommon/turbomodule/core (= 0.63.38)
  - React-RCTImage (0.63.38):
    - FBReactNativeSpec (= 0.63.38)
    - RCT-Folly (= 2020.01.13.00)
    - RCTTypeSafety (= 0.63.38)
    - React-Core/RCTImageHeaders (= 0.63.38)
    - React-jsi (= 0.63.38)
    - React-RCTNetwork (= 0.63.38)
    - ReactCommon/turbomodule/core (= 0.63.38)
  - React-RCTLinking (0.63.38):
    - FBReactNativeSpec (= 0.63.38)
    - React-Core/RCTLinkingHeaders (= 0.63.38)
    - React-jsi (= 0.63.38)
    - ReactCommon/turbomodule/core (= 0.63.38)
  - React-RCTNetwork (0.63.38):
    - FBReactNativeSpec (= 0.63.38)
    - RCT-Folly (= 2020.01.13.00)
    - RCTTypeSafety (= 0.63.38)
    - React-Core/RCTNetworkHeaders (= 0.63.38)
    - React-jsi (= 0.63.38)
    - ReactCommon/turbomodule/core (= 0.63.38)
  - React-RCTPushNotification (0.63.38):
    - FBReactNativeSpec (= 0.63.38)
    - RCTTypeSafety (= 0.63.38)
    - React-Core/RCTPushNotificationHeaders (= 0.63.38)
    - React-jsi (= 0.63.38)
    - ReactCommon/turbomodule/core (= 0.63.38)
  - React-RCTSettings (0.63.38):
    - FBReactNativeSpec (= 0.63.38)
    - RCT-Folly (= 2020.01.13.00)
    - RCTTypeSafety (= 0.63.38)
    - React-Core/RCTSettingsHeaders (= 0.63.38)
    - React-jsi (= 0.63.38)
    - ReactCommon/turbomodule/core (= 0.63.38)
  - React-RCTTest (0.63.38):
    - RCT-Folly (= 2020.01.13.00)
    - React-Core (= 0.63.38)
    - React-CoreModules (= 0.63.38)
    - React-jsi (= 0.63.38)
    - ReactCommon/turbomodule/core (= 0.63.38)
  - React-RCTText (0.63.38):
    - React-Core/RCTTextHeaders (= 0.63.38)
  - React-RCTVibration (0.63.38):
    - FBReactNativeSpec (= 0.63.38)
    - RCT-Folly (= 2020.01.13.00)
    - React-Core/RCTVibrationHeaders (= 0.63.38)
    - React-jsi (= 0.63.38)
    - ReactCommon/turbomodule/core (= 0.63.38)
  - React-TurboModuleCxx-RNW (0.63.38):
    - RCT-Folly (= 2020.01.13.00)
    - React-callinvoker (= 0.63.38)
    - React-TurboModuleCxx-WinRTPort (= 0.63.38)
    - ReactCommon/turbomodule/core (= 0.63.38)
  - React-TurboModuleCxx-WinRTPort (0.63.38):
    - React-TurboModuleCxx-WinRTPort/Shared (= 0.63.38)
    - React-TurboModuleCxx-WinRTPort/WinRT (= 0.63.38)
  - React-TurboModuleCxx-WinRTPort/Shared (0.63.38)
  - React-TurboModuleCxx-WinRTPort/WinRT (0.63.38):
    - React-callinvoker (= 0.63.38)
    - React-TurboModuleCxx-WinRTPort/Shared (= 0.63.38)
  - ReactCommon/turbomodule/core (0.63.38):
    - DoubleConversion
    - glog
    - RCT-Folly (= 2020.01.13.00)
    - React-callinvoker (= 0.63.38)
    - React-Core (= 0.63.38)
    - React-cxxreact (= 0.63.38)
    - React-jsi (= 0.63.38)
  - ReactCommon/turbomodule/samples (0.63.38):
    - DoubleConversion
    - glog
    - RCT-Folly (= 2020.01.13.00)
    - React-callinvoker (= 0.63.38)
    - React-Core (= 0.63.38)
    - React-cxxreact (= 0.63.38)
    - React-jsi (= 0.63.38)
    - ReactCommon/turbomodule/core (= 0.63.38)
  - Yoga (1.14.0)

DEPENDENCIES:
  - boost-for-react-native (from `../third-party-podspecs/boost-for-react-native.podspec`)
  - DoubleConversion (from `../third-party-podspecs/DoubleConversion.podspec`)
  - FBLazyVector (from `../Libraries/FBLazyVector`)
  - FBReactNativeSpec (from `../Libraries/FBReactNativeSpec`)
  - glog (from `../third-party-podspecs/glog.podspec`)
  - RCT-Folly (from `../third-party-podspecs/RCT-Folly.podspec`)
  - RCTRequired (from `../Libraries/RCTRequired`)
  - RCTTypeSafety (from `../Libraries/TypeSafety`)
  - React (from `../`)
  - React-ART (from `../Libraries/ART`)
  - React-callinvoker (from `../ReactCommon/callinvoker`)
  - React-Core (from `../`)
  - React-Core/DevSupport (from `../`)
  - React-Core/RCTWebSocket (from `../`)
  - React-CoreModules (from `../React/CoreModules`)
  - React-cxxreact (from `../ReactCommon/cxxreact`)
  - React-jsi (from `../ReactCommon/jsi`)
  - React-jsiexecutor (from `../ReactCommon/jsiexecutor`)
  - React-jsinspector (from `../ReactCommon/jsinspector`)
  - React-RCTActionSheet (from `../Libraries/ActionSheetIOS`)
  - React-RCTAnimation (from `../Libraries/NativeAnimation`)
  - React-RCTBlob (from `../Libraries/Blob`)
  - React-RCTImage (from `../Libraries/Image`)
  - React-RCTLinking (from `../Libraries/LinkingIOS`)
  - React-RCTNetwork (from `../Libraries/Network`)
  - React-RCTPushNotification (from `../Libraries/PushNotificationIOS`)
  - React-RCTSettings (from `../Libraries/Settings`)
  - React-RCTTest (from `./RCTTest`)
  - React-RCTText (from `../Libraries/Text`)
  - React-RCTVibration (from `../Libraries/Vibration`)
  - React-TurboModuleCxx-RNW (from `../ReactTurboModuleCxx/React-TurboModuleCxx-RNW.podspec`)
  - React-TurboModuleCxx-WinRTPort (from `../ReactTurboModuleCxx`)
  - ReactCommon/turbomodule/core (from `../ReactCommon`)
  - ReactCommon/turbomodule/samples (from `../ReactCommon`)
  - Yoga (from `../ReactCommon/yoga`)

EXTERNAL SOURCES:
  boost-for-react-native:
    :podspec: "../third-party-podspecs/boost-for-react-native.podspec"
  DoubleConversion:
    :podspec: "../third-party-podspecs/DoubleConversion.podspec"
  FBLazyVector:
    :path: "../Libraries/FBLazyVector"
  FBReactNativeSpec:
    :path: "../Libraries/FBReactNativeSpec"
  glog:
    :podspec: "../third-party-podspecs/glog.podspec"
  RCT-Folly:
    :podspec: "../third-party-podspecs/RCT-Folly.podspec"
  RCTRequired:
    :path: "../Libraries/RCTRequired"
  RCTTypeSafety:
    :path: "../Libraries/TypeSafety"
  React:
    :path: "../"
  React-ART:
    :path: "../Libraries/ART"
  React-callinvoker:
    :path: "../ReactCommon/callinvoker"
  React-Core:
    :path: "../"
  React-CoreModules:
    :path: "../React/CoreModules"
  React-cxxreact:
    :path: "../ReactCommon/cxxreact"
  React-jsi:
    :path: "../ReactCommon/jsi"
  React-jsiexecutor:
    :path: "../ReactCommon/jsiexecutor"
  React-jsinspector:
    :path: "../ReactCommon/jsinspector"
  React-RCTActionSheet:
    :path: "../Libraries/ActionSheetIOS"
  React-RCTAnimation:
    :path: "../Libraries/NativeAnimation"
  React-RCTBlob:
    :path: "../Libraries/Blob"
  React-RCTImage:
    :path: "../Libraries/Image"
  React-RCTLinking:
    :path: "../Libraries/LinkingIOS"
  React-RCTNetwork:
    :path: "../Libraries/Network"
  React-RCTPushNotification:
    :path: "../Libraries/PushNotificationIOS"
  React-RCTSettings:
    :path: "../Libraries/Settings"
  React-RCTTest:
    :path: "./RCTTest"
  React-RCTText:
    :path: "../Libraries/Text"
  React-RCTVibration:
    :path: "../Libraries/Vibration"
  React-TurboModuleCxx-RNW:
    :podspec: "../ReactTurboModuleCxx/React-TurboModuleCxx-RNW.podspec"
  React-TurboModuleCxx-WinRTPort:
    :path: "../ReactTurboModuleCxx"
  ReactCommon:
    :path: "../ReactCommon"
  Yoga:
    :path: "../ReactCommon/yoga"

SPEC CHECKSUMS:
  boost-for-react-native: dabda8622e76020607c2ae1e65cc0cda8b61479d
  DoubleConversion: 56a44bcfd14ab2ff66f5a146b2e875eb4b69b19b
  FBLazyVector: 6f26a5d3b481c40c520b319ab2919994ab28e51d
  FBReactNativeSpec: a364112f45d4c007ab0a375296bd2b5bc171cd72
  glog: 1cb7c408c781ae8f35bbababe459b45e3dee4ec1
  RCT-Folly: 1347093ffe75e152d846f7e45a3ef901b60021aa
  RCTRequired: 2d4cfa605a65bdd56802eaa8fdbc3310f7136edf
  RCTTypeSafety: 4b3cf5ccb0859341fcb2521ae5d9623582b327e3
  React: dbb7cca926a22af3437d1b584fb25dd539827834
  React-ART: aad636e0964e9d5499a9a934859ad5cf65a25155
  React-callinvoker: c4559694e7feb44e23bea3146d80ba2115275fc7
  React-Core: c8f2cd77754ecdf30189e161030dd3b124dcfc5e
  React-CoreModules: e0848d9020df774dc6ccbd463b1e479340b5f87e
  React-cxxreact: 9fd4a0bfd568b17b5b443458abd811b88f953058
  React-jsi: 44fbe6321b975bcf197bd2e755bf4bbfcdefc71c
  React-jsiexecutor: fdc300cddea55c8c4cdd35ef7a4ca79d901a008f
  React-jsinspector: fcd5f97a8417f35190dddef8320eca519bcb99d2
  React-RCTActionSheet: cb548b3e6e2469a7a2e35d415a6c202e426d3382
  React-RCTAnimation: 526a79643ef10d3c8682572f10da9e3c37f2bd11
  React-RCTBlob: cd713a51bc0050e2dcac184be7aa3de73712ac46
  React-RCTImage: afe0b37c99dbaed0dc1365166b7002a98d9a1bae
  React-RCTLinking: 3ab416d68e320234c575667a05e8c985f0658135
  React-RCTNetwork: e4c44e037526453d14ab5af49fb29a420e61bf15
  React-RCTPushNotification: 45bf621e77fcf1d6fb0863a4b4a02327f92950c9
  React-RCTSettings: 08fe9de5aa4077191464382070f236079de0922f
  React-RCTTest: 1ec0526a5f2c78f501d71afb7d3e84fddd65a5be
  React-RCTText: bc82c1865820b8d07b64b75041b040cff3152a7a
  React-RCTVibration: ab72db1b238f49246d7b7663ce8fa4d57bc29c5b
  React-TurboModuleCxx-RNW: 3021d7475f58f3a3aeb730773567cd2f20aa0359
  React-TurboModuleCxx-WinRTPort: 46d06c8dd0134405663070a6c62a578a5bea124b
  ReactCommon: 8164c9d3cd8c956f2fc432b667e964e38ba8e16c
  Yoga: a68ce967f49a478e85b0642fd33aee46187ab6f8

PODFILE CHECKSUM: dbdccdd110aedfbfec53a1685103e6291c57a217

COCOAPODS: 1.10.2
